
Microsoft Visual Studio Solution File, Format Version 12.00
# Visual Studio 15
VisualStudioVersion = 15.0.28307.271
MinimumVisualStudioVersion = 10.0.40219.1
Project("{FAE04EC0-301F-11D3-BF4B-00C04F79EFBC}") = "carpet-estimator", "carpet-estimator\carpet-estimator.csproj", "{245F239F-28A2-40D1-BCD0-0CCECD8A284C}"
EndProject
Global
	GlobalSection(SolutionConfigurationPlatforms) = preSolution
		Debug|Any CPU = Debug|Any CPU
		Release|Any CPU = Release|Any CPU
	EndGlobalSection
	GlobalSection(ProjectConfigurationPlatforms) = postSolution
		{245F239F-28A2-40D1-BCD0-0CCECD8A284C}.Debug|Any CPU.ActiveCfg = Debug|Any CPU
		{245F239F-28A2-40D1-BCD0-0CCECD8A284C}.Debug|Any CPU.Build.0 = Debug|Any CPU
		{245F239F-28A2-40D1-BCD0-0CCECD8A284C}.Release|Any CPU.ActiveCfg = Release|Any CPU
		{245F239F-28A2-40D1-BCD0-0CCECD8A284C}.Release|Any CPU.Build.0 = Release|Any CPU
	EndGlobalSection
	GlobalSection(SolutionProperties) = preSolution
		HideSolutionNode = FALSE
	EndGlobalSection
	GlobalSection(ExtensibilityGlobals) = postSolution
		SolutionGuid = {81BE77F7-F562-4A43-A73C-C551E6F77F68}
	EndGlobalSection
EndGlobal
